
Microsoft Visual Studio Solution File, Format Version 12.00
# Visual Studio 15
VisualStudioVersion = 15.0.28010.2003
MinimumVisualStudioVersion = 10.0.40219.1
Project("{FAE04EC0-301F-11D3-BF4B-00C04F79EFBC}") = "MusicalInstrument", "MusicalInstrument\MusicalInstrument.csproj", "{193333DD-DA52-4A75-928A-62641585F765}"
EndProject
Global
	GlobalSection(SolutionConfigurationPlatforms) = preSolution
		Debug|Any CPU = Debug|Any CPU
		Release|Any CPU = Release|Any CPU
	EndGlobalSection
	GlobalSection(ProjectConfigurationPlatforms) = postSolution
		{193333DD-DA52-4A75-928A-62641585F765}.Debug|Any CPU.ActiveCfg = Debug|Any CPU
		{193333DD-DA52-4A75-928A-62641585F765}.Debug|Any CPU.Build.0 = Debug|Any CPU
		{193333DD-DA52-4A75-928A-62641585F765}.Release|Any CPU.ActiveCfg = Release|Any CPU
		{193333DD-DA52-4A75-928A-62641585F765}.Release|Any CPU.Build.0 = Release|Any CPU
	EndGlobalSection
	GlobalSection(SolutionProperties) = preSolution
		HideSolutionNode = FALSE
	EndGlobalSection
	GlobalSection(ExtensibilityGlobals) = postSolution
		SolutionGuid = {2F59566C-367B-4120-889D-0E588D497D33}
	EndGlobalSection
EndGlobal
