
Microsoft Visual Studio Solution File, Format Version 12.00
# Visual Studio Version 17
VisualStudioVersion = 17.3.32804.467
MinimumVisualStudioVersion = 10.0.40219.1
Project("{9A19103F-16F7-4668-BE54-9A1E7A4F7556}") = "GottMitUns", "GottMitUns.csproj", "{511A2FF6-5496-44D6-BF8C-0CA6F20038F3}"
EndProject
Project("{2150E333-8FDC-42A3-9474-1A3956D46DE8}") = "NewFolder1", "NewFolder1", "{093CE924-EA33-4CDF-8F5F-14DBEB5FC868}"
EndProject
Global
	GlobalSection(SolutionConfigurationPlatforms) = preSolution
		Debug|Any CPU = Debug|Any CPU
		Release|Any CPU = Release|Any CPU
	EndGlobalSection
	GlobalSection(ProjectConfigurationPlatforms) = postSolution
		{511A2FF6-5496-44D6-BF8C-0CA6F20038F3}.Debug|Any CPU.ActiveCfg = Debug|Any CPU
		{511A2FF6-5496-44D6-BF8C-0CA6F20038F3}.Debug|Any CPU.Build.0 = Debug|Any CPU
		{511A2FF6-5496-44D6-BF8C-0CA6F20038F3}.Release|Any CPU.ActiveCfg = Release|Any CPU
		{511A2FF6-5496-44D6-BF8C-0CA6F20038F3}.Release|Any CPU.Build.0 = Release|Any CPU
	EndGlobalSection
	GlobalSection(SolutionProperties) = preSolution
		HideSolutionNode = FALSE
	EndGlobalSection
	GlobalSection(ExtensibilityGlobals) = postSolution
		SolutionGuid = {444DFFBA-B541-48C6-92A4-5465B24749EB}
	EndGlobalSection
EndGlobal
