
Microsoft Visual Studio Solution File, Format Version 12.00
# Visual Studio Version 17
VisualStudioVersion = 17.3.32804.467
MinimumVisualStudioVersion = 10.0.40219.1
Project("{FAE04EC0-301F-11D3-BF4B-00C04F79EFBC}") = "ModuleNullableTypes", "ModuleNullableTypes.csproj", "{08F55E3B-AFD7-4571-9091-CB8E28DF6839}"
EndProject
Global
	GlobalSection(SolutionConfigurationPlatforms) = preSolution
		Debug|Any CPU = Debug|Any CPU
		Release|Any CPU = Release|Any CPU
	EndGlobalSection
	GlobalSection(ProjectConfigurationPlatforms) = postSolution
		{08F55E3B-AFD7-4571-9091-CB8E28DF6839}.Debug|Any CPU.ActiveCfg = Debug|Any CPU
		{08F55E3B-AFD7-4571-9091-CB8E28DF6839}.Debug|Any CPU.Build.0 = Debug|Any CPU
		{08F55E3B-AFD7-4571-9091-CB8E28DF6839}.Release|Any CPU.ActiveCfg = Release|Any CPU
		{08F55E3B-AFD7-4571-9091-CB8E28DF6839}.Release|Any CPU.Build.0 = Release|Any CPU
	EndGlobalSection
	GlobalSection(SolutionProperties) = preSolution
		HideSolutionNode = FALSE
	EndGlobalSection
	GlobalSection(ExtensibilityGlobals) = postSolution
		SolutionGuid = {73ADB6A5-3376-4CF7-BEAE-FAC197AFA2CA}
	EndGlobalSection
EndGlobal
