
Microsoft Visual Studio Solution File, Format Version 12.00
# Visual Studio Version 17
VisualStudioVersion = 17.3.32804.467
MinimumVisualStudioVersion = 10.0.40219.1
Project("{FAE04EC0-301F-11D3-BF4B-00C04F79EFBC}") = "ModuleEvents", "ModuleEvents.csproj", "{40C218F6-7E7B-4BF8-97CE-06A90BA3F541}"
EndProject
Global
	GlobalSection(SolutionConfigurationPlatforms) = preSolution
		Debug|Any CPU = Debug|Any CPU
		Release|Any CPU = Release|Any CPU
	EndGlobalSection
	GlobalSection(ProjectConfigurationPlatforms) = postSolution
		{40C218F6-7E7B-4BF8-97CE-06A90BA3F541}.Debug|Any CPU.ActiveCfg = Debug|Any CPU
		{40C218F6-7E7B-4BF8-97CE-06A90BA3F541}.Debug|Any CPU.Build.0 = Debug|Any CPU
		{40C218F6-7E7B-4BF8-97CE-06A90BA3F541}.Release|Any CPU.ActiveCfg = Release|Any CPU
		{40C218F6-7E7B-4BF8-97CE-06A90BA3F541}.Release|Any CPU.Build.0 = Release|Any CPU
	EndGlobalSection
	GlobalSection(SolutionProperties) = preSolution
		HideSolutionNode = FALSE
	EndGlobalSection
	GlobalSection(ExtensibilityGlobals) = postSolution
		SolutionGuid = {923B6A3F-69B3-4EAF-BBDC-C4746687D297}
	EndGlobalSection
EndGlobal
