
Microsoft Visual Studio Solution File, Format Version 12.00
# Visual Studio 15
VisualStudioVersion = 15.0.28010.2003
MinimumVisualStudioVersion = 10.0.40219.1
Project("{FAE04EC0-301F-11D3-BF4B-00C04F79EFBC}") = "EightQueens", "EightQueens\EightQueens.csproj", "{8B8AF1BE-4A0B-4FC3-97CE-5CF64EDB8467}"
EndProject
Project("{FAE04EC0-301F-11D3-BF4B-00C04F79EFBC}") = "Chess", "Chess\Chess.csproj", "{5C2D7565-12CD-4D79-BB7C-6EC7A8DD1DA9}"
EndProject
Global
	GlobalSection(SolutionConfigurationPlatforms) = preSolution
		Debug|Any CPU = Debug|Any CPU
		Release|Any CPU = Release|Any CPU
	EndGlobalSection
	GlobalSection(ProjectConfigurationPlatforms) = postSolution
		{8B8AF1BE-4A0B-4FC3-97CE-5CF64EDB8467}.Debug|Any CPU.ActiveCfg = Debug|Any CPU
		{8B8AF1BE-4A0B-4FC3-97CE-5CF64EDB8467}.Debug|Any CPU.Build.0 = Debug|Any CPU
		{8B8AF1BE-4A0B-4FC3-97CE-5CF64EDB8467}.Release|Any CPU.ActiveCfg = Release|Any CPU
		{8B8AF1BE-4A0B-4FC3-97CE-5CF64EDB8467}.Release|Any CPU.Build.0 = Release|Any CPU
		{5C2D7565-12CD-4D79-BB7C-6EC7A8DD1DA9}.Debug|Any CPU.ActiveCfg = Debug|Any CPU
		{5C2D7565-12CD-4D79-BB7C-6EC7A8DD1DA9}.Debug|Any CPU.Build.0 = Debug|Any CPU
		{5C2D7565-12CD-4D79-BB7C-6EC7A8DD1DA9}.Release|Any CPU.ActiveCfg = Release|Any CPU
		{5C2D7565-12CD-4D79-BB7C-6EC7A8DD1DA9}.Release|Any CPU.Build.0 = Release|Any CPU
	EndGlobalSection
	GlobalSection(SolutionProperties) = preSolution
		HideSolutionNode = FALSE
	EndGlobalSection
	GlobalSection(ExtensibilityGlobals) = postSolution
		SolutionGuid = {DDEAC751-9478-4048-A022-F8066E8A95F5}
	EndGlobalSection
EndGlobal
